
Microsoft Visual Studio Solution File, Format Version 12.00
Project("{2150E333-8FDC-42A3-9474-1A3956D46DE8}") = "1.Ui", "1.Ui", "{4D2AD450-0B70-497E-82F6-8D2B8361C23A}"
EndProject
Project("{2150E333-8FDC-42A3-9474-1A3956D46DE8}") = "2.App", "2.App", "{772BD7D0-0804-447F-ABC2-CAB9FA429449}"
EndProject
Project("{2150E333-8FDC-42A3-9474-1A3956D46DE8}") = "3.Domain", "3.Domain", "{F3DD0A25-4FDA-4FED-BF73-4D70FD890A09}"
EndProject
Project("{2150E333-8FDC-42A3-9474-1A3956D46DE8}") = "4.Utils", "4.Utils", "{4A047A5D-C258-4978-8E9C-EF02FD9B2EBC}"
EndProject
Project("{2150E333-8FDC-42A3-9474-1A3956D46DE8}") = "5.Tests", "5.Tests", "{27BE7D45-1E0D-4005-91CC-651D621BAA69}"
EndProject
Project("{FAE04EC0-301F-11D3-BF4B-00C04F79EFBC}") = "SocialNetwork.AspNet", "1.Ui\SocialNetwork.AspNet\SocialNetwork.AspNet.csproj", "{27822973-77C7-471F-8C8E-311012065066}"
EndProject
Project("{FAE04EC0-301F-11D3-BF4B-00C04F79EFBC}") = "SocialNetwork.Model", "3.Domain\SocialNetwork.Model\SocialNetwork.Model.csproj", "{BE2872A6-C33F-4854-B410-98B84D4EE601}"
EndProject
Project("{FAE04EC0-301F-11D3-BF4B-00C04F79EFBC}") = "SocialNetwork.Repo", "3.Domain\SocialNetwork.Repo\SocialNetwork.Repo.csproj", "{65FF01F5-3C94-4052-AF16-76ED4303380E}"
EndProject
Project("{FAE04EC0-301F-11D3-BF4B-00C04F79EFBC}") = "SocialNetwork.Repo.MySql", "3.Domain\SocialNetwork.Repo.MySql\SocialNetwork.Repo.MySql.csproj", "{B08C9524-1A26-42C2-A886-A98F16924B09}"
EndProject
Project("{FAE04EC0-301F-11D3-BF4B-00C04F79EFBC}") = "SocialNetwork.Repo.MySql.Migrator", "3.Domain\SocialNetwork.Repo.MySql.Migrator\SocialNetwork.Repo.MySql.Migrator.csproj", "{A551C068-E95F-4C59-8D0C-E4CD5F76D481}"
EndProject
Project("{FAE04EC0-301F-11D3-BF4B-00C04F79EFBC}") = "SocialNetwork", "2.App\SocialNetwork\SocialNetwork.csproj", "{ABDE6156-DCD4-4519-B138-18430AB8F93B}"
EndProject
Project("{FAE04EC0-301F-11D3-BF4B-00C04F79EFBC}") = "SocialNetwork.Tests", "5.Tests\SocialNetwork.Tests\SocialNetwork.Tests.csproj", "{DBEC6FEC-EA62-4492-B3AC-6B3AD5D4BA46}"
EndProject
Global
	GlobalSection(SolutionConfigurationPlatforms) = preSolution
		Debug|Any CPU = Debug|Any CPU
		Release|Any CPU = Release|Any CPU
	EndGlobalSection
	GlobalSection(NestedProjects) = preSolution
		{27822973-77C7-471F-8C8E-311012065066} = {4D2AD450-0B70-497E-82F6-8D2B8361C23A}
		{BE2872A6-C33F-4854-B410-98B84D4EE601} = {F3DD0A25-4FDA-4FED-BF73-4D70FD890A09}
		{65FF01F5-3C94-4052-AF16-76ED4303380E} = {F3DD0A25-4FDA-4FED-BF73-4D70FD890A09}
		{B08C9524-1A26-42C2-A886-A98F16924B09} = {F3DD0A25-4FDA-4FED-BF73-4D70FD890A09}
		{A551C068-E95F-4C59-8D0C-E4CD5F76D481} = {F3DD0A25-4FDA-4FED-BF73-4D70FD890A09}
		{ABDE6156-DCD4-4519-B138-18430AB8F93B} = {772BD7D0-0804-447F-ABC2-CAB9FA429449}
		{DBEC6FEC-EA62-4492-B3AC-6B3AD5D4BA46} = {27BE7D45-1E0D-4005-91CC-651D621BAA69}
	EndGlobalSection
	GlobalSection(ProjectConfigurationPlatforms) = postSolution
		{27822973-77C7-471F-8C8E-311012065066}.Debug|Any CPU.ActiveCfg = Debug|Any CPU
		{27822973-77C7-471F-8C8E-311012065066}.Debug|Any CPU.Build.0 = Debug|Any CPU
		{27822973-77C7-471F-8C8E-311012065066}.Release|Any CPU.ActiveCfg = Release|Any CPU
		{27822973-77C7-471F-8C8E-311012065066}.Release|Any CPU.Build.0 = Release|Any CPU
		{BE2872A6-C33F-4854-B410-98B84D4EE601}.Debug|Any CPU.ActiveCfg = Debug|Any CPU
		{BE2872A6-C33F-4854-B410-98B84D4EE601}.Debug|Any CPU.Build.0 = Debug|Any CPU
		{BE2872A6-C33F-4854-B410-98B84D4EE601}.Release|Any CPU.ActiveCfg = Release|Any CPU
		{BE2872A6-C33F-4854-B410-98B84D4EE601}.Release|Any CPU.Build.0 = Release|Any CPU
		{65FF01F5-3C94-4052-AF16-76ED4303380E}.Debug|Any CPU.ActiveCfg = Debug|Any CPU
		{65FF01F5-3C94-4052-AF16-76ED4303380E}.Debug|Any CPU.Build.0 = Debug|Any CPU
		{65FF01F5-3C94-4052-AF16-76ED4303380E}.Release|Any CPU.ActiveCfg = Release|Any CPU
		{65FF01F5-3C94-4052-AF16-76ED4303380E}.Release|Any CPU.Build.0 = Release|Any CPU
		{B08C9524-1A26-42C2-A886-A98F16924B09}.Debug|Any CPU.ActiveCfg = Debug|Any CPU
		{B08C9524-1A26-42C2-A886-A98F16924B09}.Debug|Any CPU.Build.0 = Debug|Any CPU
		{B08C9524-1A26-42C2-A886-A98F16924B09}.Release|Any CPU.ActiveCfg = Release|Any CPU
		{B08C9524-1A26-42C2-A886-A98F16924B09}.Release|Any CPU.Build.0 = Release|Any CPU
		{A551C068-E95F-4C59-8D0C-E4CD5F76D481}.Debug|Any CPU.ActiveCfg = Debug|Any CPU
		{A551C068-E95F-4C59-8D0C-E4CD5F76D481}.Debug|Any CPU.Build.0 = Debug|Any CPU
		{A551C068-E95F-4C59-8D0C-E4CD5F76D481}.Release|Any CPU.ActiveCfg = Release|Any CPU
		{A551C068-E95F-4C59-8D0C-E4CD5F76D481}.Release|Any CPU.Build.0 = Release|Any CPU
		{ABDE6156-DCD4-4519-B138-18430AB8F93B}.Debug|Any CPU.ActiveCfg = Debug|Any CPU
		{ABDE6156-DCD4-4519-B138-18430AB8F93B}.Debug|Any CPU.Build.0 = Debug|Any CPU
		{ABDE6156-DCD4-4519-B138-18430AB8F93B}.Release|Any CPU.ActiveCfg = Release|Any CPU
		{ABDE6156-DCD4-4519-B138-18430AB8F93B}.Release|Any CPU.Build.0 = Release|Any CPU
		{DBEC6FEC-EA62-4492-B3AC-6B3AD5D4BA46}.Debug|Any CPU.ActiveCfg = Debug|Any CPU
		{DBEC6FEC-EA62-4492-B3AC-6B3AD5D4BA46}.Debug|Any CPU.Build.0 = Debug|Any CPU
		{DBEC6FEC-EA62-4492-B3AC-6B3AD5D4BA46}.Release|Any CPU.ActiveCfg = Release|Any CPU
		{DBEC6FEC-EA62-4492-B3AC-6B3AD5D4BA46}.Release|Any CPU.Build.0 = Release|Any CPU
	EndGlobalSection
EndGlobal
