
Microsoft Visual Studio Solution File, Format Version 12.00
Project("{2150E333-8FDC-42A3-9474-1A3956D46DE8}") = "1.SocialNetwork", "1.SocialNetwork", "{579A614A-9385-46F7-BECE-5B387784BEF7}"
EndProject
Project("{FAE04EC0-301F-11D3-BF4B-00C04F79EFBC}") = "SocialNetwork.App", "1.SocialNetwork\SocialNetwork.App\SocialNetwork.App.csproj", "{DC3BC14E-4A32-4F25-BDCF-C35FA74C3F86}"
EndProject
Project("{FAE04EC0-301F-11D3-BF4B-00C04F79EFBC}") = "SocialNetwork.AspNet", "1.SocialNetwork\SocialNetwork.AspNet\SocialNetwork.AspNet.csproj", "{F86FF325-9CEE-430E-B5F6-1B5E3B4A09A6}"
EndProject
Project("{FAE04EC0-301F-11D3-BF4B-00C04F79EFBC}") = "SocialNetwork.Migrator.MySql", "1.SocialNetwork\SocialNetwork.Migrator.MySql\SocialNetwork.Migrator.MySql.csproj", "{71245E70-F1FC-45FE-8227-378A52809AE9}"
EndProject
Project("{FAE04EC0-301F-11D3-BF4B-00C04F79EFBC}") = "SocialNetwork.Model", "1.SocialNetwork\SocialNetwork.Model\SocialNetwork.Model.csproj", "{29C93D03-A3C8-4CB5-9F39-352EDEF18536}"
EndProject
Project("{FAE04EC0-301F-11D3-BF4B-00C04F79EFBC}") = "SocialNetwork.Repo.MySql", "1.SocialNetwork\SocialNetwork.Repo.MySql\SocialNetwork.Repo.MySql.csproj", "{9E105D0A-7182-4875-8164-61F8D04C7DC9}"
EndProject
Project("{FAE04EC0-301F-11D3-BF4B-00C04F79EFBC}") = "SocialNetwork.Tests", "1.SocialNetwork\SocialNetwork.Tests\SocialNetwork.Tests.csproj", "{1472673C-620C-4BDC-8D77-749CE160081F}"
EndProject
Project("{FAE04EC0-301F-11D3-BF4B-00C04F79EFBC}") = "SocialNetwork.Client", "1.SocialNetwork\SocialNetwork.Client\SocialNetwork.Client.csproj", "{000F3B96-43DC-48A9-AE8A-778026E5CF06}"
EndProject
Global
	GlobalSection(SolutionConfigurationPlatforms) = preSolution
		Debug|Any CPU = Debug|Any CPU
		Release|Any CPU = Release|Any CPU
	EndGlobalSection
	GlobalSection(NestedProjects) = preSolution
		{DC3BC14E-4A32-4F25-BDCF-C35FA74C3F86} = {579A614A-9385-46F7-BECE-5B387784BEF7}
		{F86FF325-9CEE-430E-B5F6-1B5E3B4A09A6} = {579A614A-9385-46F7-BECE-5B387784BEF7}
		{71245E70-F1FC-45FE-8227-378A52809AE9} = {579A614A-9385-46F7-BECE-5B387784BEF7}
		{29C93D03-A3C8-4CB5-9F39-352EDEF18536} = {579A614A-9385-46F7-BECE-5B387784BEF7}
		{9E105D0A-7182-4875-8164-61F8D04C7DC9} = {579A614A-9385-46F7-BECE-5B387784BEF7}
		{1472673C-620C-4BDC-8D77-749CE160081F} = {579A614A-9385-46F7-BECE-5B387784BEF7}
		{000F3B96-43DC-48A9-AE8A-778026E5CF06} = {579A614A-9385-46F7-BECE-5B387784BEF7}
	EndGlobalSection
	GlobalSection(ProjectConfigurationPlatforms) = postSolution
		{DC3BC14E-4A32-4F25-BDCF-C35FA74C3F86}.Debug|Any CPU.ActiveCfg = Debug|Any CPU
		{DC3BC14E-4A32-4F25-BDCF-C35FA74C3F86}.Debug|Any CPU.Build.0 = Debug|Any CPU
		{DC3BC14E-4A32-4F25-BDCF-C35FA74C3F86}.Release|Any CPU.ActiveCfg = Release|Any CPU
		{DC3BC14E-4A32-4F25-BDCF-C35FA74C3F86}.Release|Any CPU.Build.0 = Release|Any CPU
		{F86FF325-9CEE-430E-B5F6-1B5E3B4A09A6}.Debug|Any CPU.ActiveCfg = Debug|Any CPU
		{F86FF325-9CEE-430E-B5F6-1B5E3B4A09A6}.Debug|Any CPU.Build.0 = Debug|Any CPU
		{F86FF325-9CEE-430E-B5F6-1B5E3B4A09A6}.Release|Any CPU.ActiveCfg = Release|Any CPU
		{F86FF325-9CEE-430E-B5F6-1B5E3B4A09A6}.Release|Any CPU.Build.0 = Release|Any CPU
		{71245E70-F1FC-45FE-8227-378A52809AE9}.Debug|Any CPU.ActiveCfg = Debug|Any CPU
		{71245E70-F1FC-45FE-8227-378A52809AE9}.Debug|Any CPU.Build.0 = Debug|Any CPU
		{71245E70-F1FC-45FE-8227-378A52809AE9}.Release|Any CPU.ActiveCfg = Release|Any CPU
		{71245E70-F1FC-45FE-8227-378A52809AE9}.Release|Any CPU.Build.0 = Release|Any CPU
		{29C93D03-A3C8-4CB5-9F39-352EDEF18536}.Debug|Any CPU.ActiveCfg = Debug|Any CPU
		{29C93D03-A3C8-4CB5-9F39-352EDEF18536}.Debug|Any CPU.Build.0 = Debug|Any CPU
		{29C93D03-A3C8-4CB5-9F39-352EDEF18536}.Release|Any CPU.ActiveCfg = Release|Any CPU
		{29C93D03-A3C8-4CB5-9F39-352EDEF18536}.Release|Any CPU.Build.0 = Release|Any CPU
		{9E105D0A-7182-4875-8164-61F8D04C7DC9}.Debug|Any CPU.ActiveCfg = Debug|Any CPU
		{9E105D0A-7182-4875-8164-61F8D04C7DC9}.Debug|Any CPU.Build.0 = Debug|Any CPU
		{9E105D0A-7182-4875-8164-61F8D04C7DC9}.Release|Any CPU.ActiveCfg = Release|Any CPU
		{9E105D0A-7182-4875-8164-61F8D04C7DC9}.Release|Any CPU.Build.0 = Release|Any CPU
		{1472673C-620C-4BDC-8D77-749CE160081F}.Debug|Any CPU.ActiveCfg = Debug|Any CPU
		{1472673C-620C-4BDC-8D77-749CE160081F}.Debug|Any CPU.Build.0 = Debug|Any CPU
		{1472673C-620C-4BDC-8D77-749CE160081F}.Release|Any CPU.ActiveCfg = Release|Any CPU
		{1472673C-620C-4BDC-8D77-749CE160081F}.Release|Any CPU.Build.0 = Release|Any CPU
		{000F3B96-43DC-48A9-AE8A-778026E5CF06}.Debug|Any CPU.ActiveCfg = Debug|Any CPU
		{000F3B96-43DC-48A9-AE8A-778026E5CF06}.Debug|Any CPU.Build.0 = Debug|Any CPU
		{000F3B96-43DC-48A9-AE8A-778026E5CF06}.Release|Any CPU.ActiveCfg = Release|Any CPU
		{000F3B96-43DC-48A9-AE8A-778026E5CF06}.Release|Any CPU.Build.0 = Release|Any CPU
	EndGlobalSection
EndGlobal
