
Microsoft Visual Studio Solution File, Format Version 12.00
Project("{2150E333-8FDC-42A3-9474-1A3956D46DE8}") = "1.Auth", "1.Auth", "{1ABA3203-C1C0-4EE3-BFFD-624B7A2C6779}"
EndProject
Project("{FAE04EC0-301F-11D3-BF4B-00C04F79EFBC}") = "AuthService.AspNet", "1.Auth\AuthService.AspNet\AuthService.AspNet.csproj", "{3239CE0B-B97F-4F1E-8989-475000CE8DBD}"
EndProject
Project("{FAE04EC0-301F-11D3-BF4B-00C04F79EFBC}") = "AuthService.Users", "1.Auth\AuthService.Users\AuthService.Users.csproj", "{1B7514C1-25A5-4FFA-998D-D8630AC14BFF}"
EndProject
Project("{FAE04EC0-301F-11D3-BF4B-00C04F79EFBC}") = "AuthService.Tests", "1.Auth\AuthService.Tests\AuthService.Tests.csproj", "{F347AA51-C5C3-4041-98DD-AF29E54D4768}"
EndProject
Project("{2150E333-8FDC-42A3-9474-1A3956D46DE8}") = "2.Users", "2.Users", "{1A7229DE-2750-407E-B988-5A8800932FF9}"
EndProject
Project("{FAE04EC0-301F-11D3-BF4B-00C04F79EFBC}") = "UsersService.AspNet", "2.Users\UsersService.AspNet\UsersService.AspNet.csproj", "{BA35DC7B-6AB4-432B-A4C2-2732E5BFBBB0}"
EndProject
Project("{FAE04EC0-301F-11D3-BF4B-00C04F79EFBC}") = "UsersService", "2.Users\UsersService\UsersService.csproj", "{F3959AAE-0501-47D7-A425-8F7337286DD0}"
EndProject
Project("{FAE04EC0-301F-11D3-BF4B-00C04F79EFBC}") = "UsersService.Model", "2.Users\UsersService.Model\UsersService.Model.csproj", "{051D2544-9993-430A-A73D-B8A6ACFB1752}"
EndProject
Project("{FAE04EC0-301F-11D3-BF4B-00C04F79EFBC}") = "AuthService.Users.UsersService.Repo", "1.Auth\AuthService.Users.UsersService.Repo\AuthService.Users.UsersService.Repo.csproj", "{D93C9938-67C7-42BF-BFAB-719D74863C57}"
EndProject
Project("{FAE04EC0-301F-11D3-BF4B-00C04F79EFBC}") = "UsersService.Repo.MySql", "2.Users\UsersService.Repo.MySql\UsersService.Repo.MySql.csproj", "{122F53F5-F6FC-4E0E-81F2-231089D2BD66}"
EndProject
Project("{FAE04EC0-301F-11D3-BF4B-00C04F79EFBC}") = "UsersService.Repo.MySql.Migrator", "2.Users\UsersService.Repo.MySql.Migrator\UsersService.Repo.MySql.Migrator.csproj", "{EBBCB1EE-E366-4CC3-B5C4-6165130FBBC9}"
EndProject
Global
	GlobalSection(SolutionConfigurationPlatforms) = preSolution
		Debug|Any CPU = Debug|Any CPU
		Release|Any CPU = Release|Any CPU
	EndGlobalSection
	GlobalSection(NestedProjects) = preSolution
		{3239CE0B-B97F-4F1E-8989-475000CE8DBD} = {1ABA3203-C1C0-4EE3-BFFD-624B7A2C6779}
		{1B7514C1-25A5-4FFA-998D-D8630AC14BFF} = {1ABA3203-C1C0-4EE3-BFFD-624B7A2C6779}
		{F347AA51-C5C3-4041-98DD-AF29E54D4768} = {1ABA3203-C1C0-4EE3-BFFD-624B7A2C6779}
		{BA35DC7B-6AB4-432B-A4C2-2732E5BFBBB0} = {1A7229DE-2750-407E-B988-5A8800932FF9}
		{F3959AAE-0501-47D7-A425-8F7337286DD0} = {1A7229DE-2750-407E-B988-5A8800932FF9}
		{051D2544-9993-430A-A73D-B8A6ACFB1752} = {1A7229DE-2750-407E-B988-5A8800932FF9}
		{D93C9938-67C7-42BF-BFAB-719D74863C57} = {1ABA3203-C1C0-4EE3-BFFD-624B7A2C6779}
		{122F53F5-F6FC-4E0E-81F2-231089D2BD66} = {1A7229DE-2750-407E-B988-5A8800932FF9}
		{EBBCB1EE-E366-4CC3-B5C4-6165130FBBC9} = {1A7229DE-2750-407E-B988-5A8800932FF9}
	EndGlobalSection
	GlobalSection(ProjectConfigurationPlatforms) = postSolution
		{3239CE0B-B97F-4F1E-8989-475000CE8DBD}.Debug|Any CPU.ActiveCfg = Debug|Any CPU
		{3239CE0B-B97F-4F1E-8989-475000CE8DBD}.Debug|Any CPU.Build.0 = Debug|Any CPU
		{3239CE0B-B97F-4F1E-8989-475000CE8DBD}.Release|Any CPU.ActiveCfg = Release|Any CPU
		{3239CE0B-B97F-4F1E-8989-475000CE8DBD}.Release|Any CPU.Build.0 = Release|Any CPU
		{1B7514C1-25A5-4FFA-998D-D8630AC14BFF}.Debug|Any CPU.ActiveCfg = Debug|Any CPU
		{1B7514C1-25A5-4FFA-998D-D8630AC14BFF}.Debug|Any CPU.Build.0 = Debug|Any CPU
		{1B7514C1-25A5-4FFA-998D-D8630AC14BFF}.Release|Any CPU.ActiveCfg = Release|Any CPU
		{1B7514C1-25A5-4FFA-998D-D8630AC14BFF}.Release|Any CPU.Build.0 = Release|Any CPU
		{F347AA51-C5C3-4041-98DD-AF29E54D4768}.Debug|Any CPU.ActiveCfg = Debug|Any CPU
		{F347AA51-C5C3-4041-98DD-AF29E54D4768}.Debug|Any CPU.Build.0 = Debug|Any CPU
		{F347AA51-C5C3-4041-98DD-AF29E54D4768}.Release|Any CPU.ActiveCfg = Release|Any CPU
		{F347AA51-C5C3-4041-98DD-AF29E54D4768}.Release|Any CPU.Build.0 = Release|Any CPU
		{BA35DC7B-6AB4-432B-A4C2-2732E5BFBBB0}.Debug|Any CPU.ActiveCfg = Debug|Any CPU
		{BA35DC7B-6AB4-432B-A4C2-2732E5BFBBB0}.Debug|Any CPU.Build.0 = Debug|Any CPU
		{BA35DC7B-6AB4-432B-A4C2-2732E5BFBBB0}.Release|Any CPU.ActiveCfg = Release|Any CPU
		{BA35DC7B-6AB4-432B-A4C2-2732E5BFBBB0}.Release|Any CPU.Build.0 = Release|Any CPU
		{F3959AAE-0501-47D7-A425-8F7337286DD0}.Debug|Any CPU.ActiveCfg = Debug|Any CPU
		{F3959AAE-0501-47D7-A425-8F7337286DD0}.Debug|Any CPU.Build.0 = Debug|Any CPU
		{F3959AAE-0501-47D7-A425-8F7337286DD0}.Release|Any CPU.ActiveCfg = Release|Any CPU
		{F3959AAE-0501-47D7-A425-8F7337286DD0}.Release|Any CPU.Build.0 = Release|Any CPU
		{051D2544-9993-430A-A73D-B8A6ACFB1752}.Debug|Any CPU.ActiveCfg = Debug|Any CPU
		{051D2544-9993-430A-A73D-B8A6ACFB1752}.Debug|Any CPU.Build.0 = Debug|Any CPU
		{051D2544-9993-430A-A73D-B8A6ACFB1752}.Release|Any CPU.ActiveCfg = Release|Any CPU
		{051D2544-9993-430A-A73D-B8A6ACFB1752}.Release|Any CPU.Build.0 = Release|Any CPU
		{D93C9938-67C7-42BF-BFAB-719D74863C57}.Debug|Any CPU.ActiveCfg = Debug|Any CPU
		{D93C9938-67C7-42BF-BFAB-719D74863C57}.Debug|Any CPU.Build.0 = Debug|Any CPU
		{D93C9938-67C7-42BF-BFAB-719D74863C57}.Release|Any CPU.ActiveCfg = Release|Any CPU
		{D93C9938-67C7-42BF-BFAB-719D74863C57}.Release|Any CPU.Build.0 = Release|Any CPU
		{122F53F5-F6FC-4E0E-81F2-231089D2BD66}.Debug|Any CPU.ActiveCfg = Debug|Any CPU
		{122F53F5-F6FC-4E0E-81F2-231089D2BD66}.Debug|Any CPU.Build.0 = Debug|Any CPU
		{122F53F5-F6FC-4E0E-81F2-231089D2BD66}.Release|Any CPU.ActiveCfg = Release|Any CPU
		{122F53F5-F6FC-4E0E-81F2-231089D2BD66}.Release|Any CPU.Build.0 = Release|Any CPU
		{EBBCB1EE-E366-4CC3-B5C4-6165130FBBC9}.Debug|Any CPU.ActiveCfg = Debug|Any CPU
		{EBBCB1EE-E366-4CC3-B5C4-6165130FBBC9}.Debug|Any CPU.Build.0 = Debug|Any CPU
		{EBBCB1EE-E366-4CC3-B5C4-6165130FBBC9}.Release|Any CPU.ActiveCfg = Release|Any CPU
		{EBBCB1EE-E366-4CC3-B5C4-6165130FBBC9}.Release|Any CPU.Build.0 = Release|Any CPU
	EndGlobalSection
EndGlobal
